// !$*UTF8*$!
{
	archiveVersion = 1;
	classes = {
	};
	objectVersion = 77;
	objects = {

/* Begin PBXContainerItemProxy section */
		4AB019F32D2F043400ED0B73 /* PBXContainerItemProxy */ = {
			isa = PBXContainerItemProxy;
			containerPortal = 4AB019D42D2F043100ED0B73 /* Project object */;
			proxyType = 1;
			remoteGlobalIDString = 4AB019DB2D2F043100ED0B73;
			remoteInfo = poke;
		};
		4AB019FD2D2F043400ED0B73 /* PBXContainerItemProxy */ = {
			isa = PBXContainerItemProxy;
			containerPortal = 4AB019D42D2F043100ED0B73 /* Project object */;
			proxyType = 1;
			remoteGlobalIDString = 4AB019DB2D2F043100ED0B73;
			remoteInfo = poke;
		};
/* End PBXContainerItemProxy section */

/* Begin PBXFileReference section */
		4AB019DC2D2F043100ED0B73 /* poke.app */ = {isa = PBXFileReference; explicitFileType = wrapper.application; includeInIndex = 0; path = poke.app; sourceTree = BUILT_PRODUCTS_DIR; };
		4AB019F22D2F043400ED0B73 /* pokeTests.xctest */ = {isa = PBXFileReference; explicitFileType = wrapper.cfbundle; includeInIndex = 0; path = pokeTests.xctest; sourceTree = BUILT_PRODUCTS_DIR; };
		4AB019FC2D2F043400ED0B73 /* pokeUITests.xctest */ = {isa = PBXFileReference; explicitFileType = wrapper.cfbundle; includeInIndex = 0; path = pokeUITests.xctest; sourceTree = BUILT_PRODUCTS_DIR; };
/* End PBXFileReference section */

/* Begin PBXFileSystemSynchronizedBuildFileExceptionSet section */
		4AB01A042D2F043400ED0B73 /* Exceptions for "poke" folder in "poke" target */ = {
			isa = PBXFileSystemSynchronizedBuildFileExceptionSet;
			membershipExceptions = (
				Info.plist,
			);
			target = 4AB019DB2D2F043100ED0B73 /* poke */;
		};
/* End PBXFileSystemSynchronizedBuildFileExceptionSet section */

/* Begin PBXFileSystemSynchronizedRootGroup section */
		4AB019DE2D2F043100ED0B73 /* poke */ = {
			isa = PBXFileSystemSynchronizedRootGroup;
			exceptions = (
				4AB01A042D2F043400ED0B73 /* Exceptions for "poke" folder in "poke" target */,
			);
			path = poke;
			sourceTree = "<group>";
		};
		4AB019F52D2F043400ED0B73 /* pokeTests */ = {
			isa = PBXFileSystemSynchronizedRootGroup;
			path = pokeTests;
			sourceTree = "<group>";
		};
		4AB019FF2D2F043400ED0B73 /* pokeUITests */ = {
			isa = PBXFileSystemSynchronizedRootGroup;
			path = pokeUITests;
			sourceTree = "<group>";
		};
/* End PBXFileSystemSynchronizedRootGroup section */

/* Begin PBXFrameworksBuildPhase section */
		4AB019D92D2F043100ED0B73 /* Frameworks */ = {
			isa = PBXFrameworksBuildPhase;
			buildActionMask = 2147483647;
			files = (
			);
			runOnlyForDeploymentPostprocessing = 0;
		};
		4AB019EF2D2F043400ED0B73 /* Frameworks */ = {
			isa = PBXFrameworksBuildPhase;
			buildActionMask = 2147483647;
			files = (
			);
			runOnlyForDeploymentPostprocessing = 0;
		};
		4AB019F92D2F043400ED0B73 /* Frameworks */ = {
			isa = PBXFrameworksBuildPhase;
			buildActionMask = 2147483647;
			files = (
			);
			runOnlyForDeploymentPostprocessing = 0;
		};
/* End PBXFrameworksBuildPhase section */

/* Begin PBXGroup section */
		4AB019D32D2F043100ED0B73 = {
			isa = PBXGroup;
			children = (
				4AB019DE2D2F043100ED0B73 /* poke */,
				4AB019F52D2F043400ED0B73 /* pokeTests */,
				4AB019FF2D2F043400ED0B73 /* pokeUITests */,
				4AB019DD2D2F043100ED0B73 /* Products */,
			);
			sourceTree = "<group>";
		};
		4AB019DD2D2F043100ED0B73 /* Products */ = {
			isa = PBXGroup;
			children = (
				4AB019DC2D2F043100ED0B73 /* poke.app */,
				4AB019F22D2F043400ED0B73 /* pokeTests.xctest */,
				4AB019FC2D2F043400ED0B73 /* pokeUITests.xctest */,
			);
			name = Products;
			sourceTree = "<group>";
		};
/* End PBXGroup section */

/* Begin PBXNativeTarget section */
		4AB019DB2D2F043100ED0B73 /* poke */ = {
			isa = PBXNativeTarget;
			buildConfigurationList = 4AB01A052D2F043400ED0B73 /* Build configuration list for PBXNativeTarget "poke" */;
			buildPhases = (
				4AB019D82D2F043100ED0B73 /* Sources */,
				4AB019D92D2F043100ED0B73 /* Frameworks */,
				4AB019DA2D2F043100ED0B73 /* Resources */,
			);
			buildRules = (
			);
			dependencies = (
			);
			fileSystemSynchronizedGroups = (
				4AB019DE2D2F043100ED0B73 /* poke */,
			);
			name = poke;
			packageProductDependencies = (
			);
			productName = poke;
			productReference = 4AB019DC2D2F043100ED0B73 /* poke.app */;
			productType = "com.apple.product-type.application";
		};
		4AB019F12D2F043400ED0B73 /* pokeTests */ = {
			isa = PBXNativeTarget;
			buildConfigurationList = 4AB01A0A2D2F043400ED0B73 /* Build configuration list for PBXNativeTarget "pokeTests" */;
			buildPhases = (
				4AB019EE2D2F043400ED0B73 /* Sources */,
				4AB019EF2D2F043400ED0B73 /* Frameworks */,
				4AB019F02D2F043400ED0B73 /* Resources */,
			);
			buildRules = (
			);
			dependencies = (
				4AB019F42D2F043400ED0B73 /* PBXTargetDependency */,
			);
			fileSystemSynchronizedGroups = (
				4AB019F52D2F043400ED0B73 /* pokeTests */,
			);
			name = pokeTests;
			packageProductDependencies = (
			);
			productName = pokeTests;
			productReference = 4AB019F22D2F043400ED0B73 /* pokeTests.xctest */;
			productType = "com.apple.product-type.bundle.unit-test";
		};
		4AB019FB2D2F043400ED0B73 /* pokeUITests */ = {
			isa = PBXNativeTarget;
			buildConfigurationList = 4AB01A0D2D2F043400ED0B73 /* Build configuration list for PBXNativeTarget "pokeUITests" */;
			buildPhases = (
				4AB019F82D2F043400ED0B73 /* Sources */,
				4AB019F92D2F043400ED0B73 /* Frameworks */,
				4AB019FA2D2F043400ED0B73 /* Resources */,
			);
			buildRules = (
			);
			dependencies = (
				4AB019FE2D2F043400ED0B73 /* PBXTargetDependency */,
			);
			fileSystemSynchronizedGroups = (
				4AB019FF2D2F043400ED0B73 /* pokeUITests */,
			);
			name = pokeUITests;
			packageProductDependencies = (
			);
			productName = pokeUITests;
			productReference = 4AB019FC2D2F043400ED0B73 /* pokeUITests.xctest */;
			productType = "com.apple.product-type.bundle.ui-testing";
		};
/* End PBXNativeTarget section */

/* Begin PBXProject section */
		4AB019D42D2F043100ED0B73 /* Project object */ = {
			isa = PBXProject;
			attributes = {
				BuildIndependentTargetsInParallel = 1;
				LastSwiftUpdateCheck = 1620;
				LastUpgradeCheck = 1620;
				TargetAttributes = {
					4AB019DB2D2F043100ED0B73 = {
						CreatedOnToolsVersion = 16.2;
					};
					4AB019F12D2F043400ED0B73 = {
						CreatedOnToolsVersion = 16.2;
						TestTargetID = 4AB019DB2D2F043100ED0B73;
					};
					4AB019FB2D2F043400ED0B73 = {
						CreatedOnToolsVersion = 16.2;
						TestTargetID = 4AB019DB2D2F043100ED0B73;
					};
				};
			};
			buildConfigurationList = 4AB019D72D2F043100ED0B73 /* Build configuration list for PBXProject "poke" */;
			developmentRegion = en;
			hasScannedForEncodings = 0;
			knownRegions = (
				en,
				Base,
			);
			mainGroup = 4AB019D32D2F043100ED0B73;
			minimizedProjectReferenceProxies = 1;
			preferredProjectObjectVersion = 77;
			productRefGroup = 4AB019DD2D2F043100ED0B73 /* Products */;
			projectDirPath = "";
			projectRoot = "";
			targets = (
				4AB019DB2D2F043100ED0B73 /* poke */,
				4AB019F12D2F043400ED0B73 /* pokeTests */,
				4AB019FB2D2F043400ED0B73 /* pokeUITests */,
			);
		};
/* End PBXProject section */

/* Begin PBXResourcesBuildPhase section */
		4AB019DA2D2F043100ED0B73 /* Resources */ = {
			isa = PBXResourcesBuildPhase;
			buildActionMask = 2147483647;
			files = (
			);
			runOnlyForDeploymentPostprocessing = 0;
		};
		4AB019F02D2F043400ED0B73 /* Resources */ = {
			isa = PBXResourcesBuildPhase;
			buildActionMask = 2147483647;
			files = (
			);
			runOnlyForDeploymentPostprocessing = 0;
		};
		4AB019FA2D2F043400ED0B73 /* Resources */ = {
			isa = PBXResourcesBuildPhase;
			buildActionMask = 2147483647;
			files = (
			);
			runOnlyForDeploymentPostprocessing = 0;
		};
/* End PBXResourcesBuildPhase section */

/* Begin PBXSourcesBuildPhase section */
		4AB019D82D2F043100ED0B73 /* Sources */ = {
			isa = PBXSourcesBuildPhase;
			buildActionMask = 2147483647;
			files = (
			);
			runOnlyForDeploymentPostprocessing = 0;
		};
		4AB019EE2D2F043400ED0B73 /* Sources */ = {
			isa = PBXSourcesBuildPhase;
			buildActionMask = 2147483647;
			files = (
			);
			runOnlyForDeploymentPostprocessing = 0;
		};
		4AB019F82D2F043400ED0B73 /* Sources */ = {
			isa = PBXSourcesBuildPhase;
			buildActionMask = 2147483647;
			files = (
			);
			runOnlyForDeploymentPostprocessing = 0;
		};
/* End PBXSourcesBuildPhase section */

/* Begin PBXTargetDependency section */
		4AB019F42D2F043400ED0B73 /* PBXTargetDependency */ = {
			isa = PBXTargetDependency;
			target = 4AB019DB2D2F043100ED0B73 /* poke */;
			targetProxy = 4AB019F32D2F043400ED0B73 /* PBXContainerItemProxy */;
		};
		4AB019FE2D2F043400ED0B73 /* PBXTargetDependency */ = {
			isa = PBXTargetDependency;
			target = 4AB019DB2D2F043100ED0B73 /* poke */;
			targetProxy = 4AB019FD2D2F043400ED0B73 /* PBXContainerItemProxy */;
		};
/* End PBXTargetDependency section */

/* Begin XCBuildConfiguration section */
		4AB01A062D2F043400ED0B73 /* Debug */ = {
			isa = XCBuildConfiguration;
			buildSettings = {
				ASSETCATALOG_COMPILER_APPICON_NAME = AppIcon;
				ASSETCATALOG_COMPILER_GLOBAL_ACCENT_COLOR_NAME = AccentColor;
				CODE_SIGN_STYLE = Automatic;
				CURRENT_PROJECT_VERSION = 1;
				DEVELOPMENT_TEAM = 7J46SV4F5Y;
				GENERATE_INFOPLIST_FILE = YES;
				INFOPLIST_FILE = poke/Info.plist;
				INFOPLIST_KEY_UIApplicationSupportsIndirectInputEvents = YES;
				INFOPLIST_KEY_UILaunchStoryboardName = LaunchScreen;
				INFOPLIST_KEY_UIMainStoryboardFile = Main;
				INFOPLIST_KEY_UISupportedInterfaceOrientations_iPad = "UIInterfaceOrientationPortrait UIInterfaceOrientationPortraitUpsideDown UIInterfaceOrientationLandscapeLeft UIInterfaceOrientationLandscapeRight";
				INFOPLIST_KEY_UISupportedInterfaceOrientations_iPhone = "UIInterfaceOrientationPortrait UIInterfaceOrientationLandscapeLeft UIInterfaceOrientationLandscapeRight";
				LD_RUNPATH_SEARCH_PATHS = (
					"$(inherited)",
					"@executable_path/Frameworks",
				);
				MARKETING_VERSION = 1.0;
				PRODUCT_BUNDLE_IDENTIFIER = "-095-21251525.poke";
				PRODUCT_NAME = "$(TARGET_NAME)";
				SWIFT_EMIT_LOC_STRINGS = YES;
				SWIFT_VERSION = 5.0;
				TARGETED_DEVICE_FAMILY = "1,2";
			};
			name = Debug;
		};
		4AB01A072D2F043400ED0B73 /* Release */ = {
			isa = XCBuildConfiguration;
			buildSettings = {
				ASSETCATALOG_COMPILER_APPICON_NAME = AppIcon;
				ASSETCATALOG_COMPILER_GLOBAL_ACCENT_COLOR_NAME = AccentColor;
				CODE_SIGN_STYLE = Automatic;
				CURRENT_PROJECT_VERSION = 1;
				DEVELOPMENT_TEAM = 7J46SV4F5Y;
				GENERATE_INFOPLIST_FILE = YES;
				INFOPLIST_FILE = poke/Info.plist;
				INFOPLIST_KEY_UIApplicationSupportsIndirectInputEvents = YES;
				INFOPLIST_KEY_UILaunchStoryboardName = LaunchScreen;
				INFOPLIST_KEY_UIMainStoryboardFile = Main;
				INFOPLIST_KEY_UISupportedInterfaceOrientations_iPad = "UIInterfaceOrientationPortrait UIInterfaceOrientationPortraitUpsideDown UIInterfaceOrientationLandscapeLeft UIInterfaceOrientationLandscapeRight";
				INFOPLIST_KEY_UISupportedInterfaceOrientations_iPhone = "UIInterfaceOrientationPortrait UIInterfaceOrientationLandscapeLeft UIInterfaceOrientationLandscapeRight";
				LD_RUNPATH_SEARCH_PATHS = (
					"$(inherited)",
					"@executable_path/Frameworks",
				);
				MARKETING_VERSION = 1.0;
				PRODUCT_BUNDLE_IDENTIFIER = "-095-21251525.poke";
				PRODUCT_NAME = "$(TARGET_NAME)";
				SWIFT_EMIT_LOC_STRINGS = YES;
				SWIFT_VERSION = 5.0;
				TARGETED_DEVICE_FAMILY = "1,2";
			};
			name = Release;
		};
		4AB01A082D2F043400ED0B73 /* Debug */ = {
			isa = XCBuildConfiguration;
			buildSettings = {
				ALWAYS_SEARCH_USER_PATHS = NO;
				ASSETCATALOG_COMPILER_GENERATE_SWIFT_ASSET_SYMBOL_EXTENSIONS = YES;
				CLANG_ANALYZER_NONNULL = YES;
				CLANG_ANALYZER_NUMBER_OBJECT_CONVERSION = YES_AGGRESSIVE;
				CLANG_CXX_LANGUAGE_STANDARD = "gnu++20";
				CLANG_ENABLE_MODULES = YES;
				CLANG_ENABLE_OBJC_ARC = YES;
				CLANG_ENABLE_OBJC_WEAK = YES;
				CLANG_WARN_BLOCK_CAPTURE_AUTORELEASING = YES;
				CLANG_WARN_BOOL_CONVERSION = YES;
				CLANG_WARN_COMMA = YES;
				CLANG_WARN_CONSTANT_CONVERSION = YES;
				CLANG_WARN_DEPRECATED_OBJC_IMPLEMENTATIONS = YES;
				CLANG_WARN_DIRECT_OBJC_ISA_USAGE = YES_ERROR;
				CLANG_WARN_DOCUMENTATION_COMMENTS = YES;
				CLANG_WARN_EMPTY_BODY = YES;
				CLANG_WARN_ENUM_CONVERSION = YES;
				CLANG_WARN_INFINITE_RECURSION = YES;
				CLANG_WARN_INT_CONVERSION = YES;
				CLANG_WARN_NON_LITERAL_NULL_CONVERSION = YES;
				CLANG_WARN_OBJC_IMPLICIT_RETAIN_SELF = YES;
				CLANG_WARN_OBJC_LITERAL_CONVERSION = YES;
				CLANG_WARN_OBJC_ROOT_CLASS = YES_ERROR;
				CLANG_WARN_QUOTED_INCLUDE_IN_FRAMEWORK_HEADER = YES;
				CLANG_WARN_RANGE_LOOP_ANALYSIS = YES;
				CLANG_WARN_STRICT_PROTOTYPES = YES;
				CLANG_WARN_SUSPICIOUS_MOVE = YES;
				CLANG_WARN_UNGUARDED_AVAILABILITY = YES_AGGRESSIVE;
				CLANG_WARN_UNREACHABLE_CODE = YES;
				CLANG_WARN__DUPLICATE_METHOD_MATCH = YES;
				COPY_PHASE_STRIP = NO;
				DEBUG_INFORMATION_FORMAT = dwarf;
				ENABLE_STRICT_OBJC_MSGSEND = YES;
				ENABLE_TESTABILITY = YES;
				ENABLE_USER_SCRIPT_SANDBOXING = YES;
				GCC_C_LANGUAGE_STANDARD = gnu17;
				GCC_DYNAMIC_NO_PIC = NO;
				GCC_NO_COMMON_BLOCKS = YES;
				GCC_OPTIMIZATION_LEVEL = 0;
				GCC_PREPROCESSOR_DEFINITIONS = (
					"DEBUG=1",
					"$(inherited)",
				);
				GCC_WARN_64_TO_32_BIT_CONVERSION = YES;
				GCC_WARN_ABOUT_RETURN_TYPE = YES_ERROR;
				GCC_WARN_UNDECLARED_SELECTOR = YES;
				GCC_WARN_UNINITIALIZED_AUTOS = YES_AGGRESSIVE;
				GCC_WARN_UNUSED_FUNCTION = YES;
				GCC_WARN_UNUSED_VARIABLE = YES;
				IPHONEOS_DEPLOYMENT_TARGET = 18.2;
				LOCALIZATION_PREFERS_STRING_CATALOGS = YES;
				MTL_ENABLE_DEBUG_INFO = INCLUDE_SOURCE;
				MTL_FAST_MATH = YES;
				ONLY_ACTIVE_ARCH = YES;
				SDKROOT = iphoneos;
				SWIFT_ACTIVE_COMPILATION_CONDITIONS = "DEBUG $(inherited)";
				SWIFT_OPTIMIZATION_LEVEL = "-Onone";
			};
			name = Debug;
		};
		4AB01A092D2F043400ED0B73 /* Release */ = {
			isa = XCBuildConfiguration;
			buildSettings = {
				ALWAYS_SEARCH_USER_PATHS = NO;
				ASSETCATALOG_COMPILER_GENERATE_SWIFT_ASSET_SYMBOL_EXTENSIONS = YES;
				CLANG_ANALYZER_NONNULL = YES;
				CLANG_ANALYZER_NUMBER_OBJECT_CONVERSION = YES_AGGRESSIVE;
				CLANG_CXX_LANGUAGE_STANDARD = "gnu++20";
				CLANG_ENABLE_MODULES = YES;
				CLANG_ENABLE_OBJC_ARC = YES;
				CLANG_ENABLE_OBJC_WEAK = YES;
				CLANG_WARN_BLOCK_CAPTURE_AUTORELEASING = YES;
				CLANG_WARN_BOOL_CONVERSION = YES;
				CLANG_WARN_COMMA = YES;
				CLANG_WARN_CONSTANT_CONVERSION = YES;
				CLANG_WARN_DEPRECATED_OBJC_IMPLEMENTATIONS = YES;
				CLANG_WARN_DIRECT_OBJC_ISA_USAGE = YES_ERROR;
				CLANG_WARN_DOCUMENTATION_COMMENTS = YES;
				CLANG_WARN_EMPTY_BODY = YES;
				CLANG_WARN_ENUM_CONVERSION = YES;
				CLANG_WARN_INFINITE_RECURSION = YES;
				CLANG_WARN_INT_CONVERSION = YES;
				CLANG_WARN_NON_LITERAL_NULL_CONVERSION = YES;
				CLANG_WARN_OBJC_IMPLICIT_RETAIN_SELF = YES;
				CLANG_WARN_OBJC_LITERAL_CONVERSION = YES;
				CLANG_WARN_OBJC_ROOT_CLASS = YES_ERROR;
				CLANG_WARN_QUOTED_INCLUDE_IN_FRAMEWORK_HEADER = YES;
				CLANG_WARN_RANGE_LOOP_ANALYSIS = YES;
				CLANG_WARN_STRICT_PROTOTYPES = YES;
				CLANG_WARN_SUSPICIOUS_MOVE = YES;
				CLANG_WARN_UNGUARDED_AVAILABILITY = YES_AGGRESSIVE;
				CLANG_WARN_UNREACHABLE_CODE = YES;
				CLANG_WARN__DUPLICATE_METHOD_MATCH = YES;
				COPY_PHASE_STRIP = NO;
				DEBUG_INFORMATION_FORMAT = "dwarf-with-dsym";
				ENABLE_NS_ASSERTIONS = NO;
				ENABLE_STRICT_OBJC_MSGSEND = YES;
				ENABLE_USER_SCRIPT_SANDBOXING = YES;
				GCC_C_LANGUAGE_STANDARD = gnu17;
				GCC_NO_COMMON_BLOCKS = YES;
				GCC_WARN_64_TO_32_BIT_CONVERSION = YES;
				GCC_WARN_ABOUT_RETURN_TYPE = YES_ERROR;
				GCC_WARN_UNDECLARED_SELECTOR = YES;
				GCC_WARN_UNINITIALIZED_AUTOS = YES_AGGRESSIVE;
				GCC_WARN_UNUSED_FUNCTION = YES;
				GCC_WARN_UNUSED_VARIABLE = YES;
				IPHONEOS_DEPLOYMENT_TARGET = 18.2;
				LOCALIZATION_PREFERS_STRING_CATALOGS = YES;
				MTL_ENABLE_DEBUG_INFO = NO;
				MTL_FAST_MATH = YES;
				SDKROOT = iphoneos;
				SWIFT_COMPILATION_MODE = wholemodule;
				VALIDATE_PRODUCT = YES;
			};
			name = Release;
		};
		4AB01A0B2D2F043400ED0B73 /* Debug */ = {
			isa = XCBuildConfiguration;
			buildSettings = {
				BUNDLE_LOADER = "$(TEST_HOST)";
				CODE_SIGN_STYLE = Automatic;
				CURRENT_PROJECT_VERSION = 1;
				DEVELOPMENT_TEAM = 7J46SV4F5Y;
				GENERATE_INFOPLIST_FILE = YES;
				IPHONEOS_DEPLOYMENT_TARGET = 18.2;
				MARKETING_VERSION = 1.0;
				PRODUCT_BUNDLE_IDENTIFIER = "-095-21251525.pokeTests";
				PRODUCT_NAME = "$(TARGET_NAME)";
				SWIFT_EMIT_LOC_STRINGS = NO;
				SWIFT_VERSION = 5.0;
				TARGETED_DEVICE_FAMILY = "1,2";
				TEST_HOST = "$(BUILT_PRODUCTS_DIR)/poke.app/$(BUNDLE_EXECUTABLE_FOLDER_PATH)/poke";
			};
			name = Debug;
		};
		4AB01A0C2D2F043400ED0B73 /* Release */ = {
			isa = XCBuildConfiguration;
			buildSettings = {
				BUNDLE_LOADER = "$(TEST_HOST)";
				CODE_SIGN_STYLE = Automatic;
				CURRENT_PROJECT_VERSION = 1;
				DEVELOPMENT_TEAM = 7J46SV4F5Y;
				GENERATE_INFOPLIST_FILE = YES;
				IPHONEOS_DEPLOYMENT_TARGET = 18.2;
				MARKETING_VERSION = 1.0;
				PRODUCT_BUNDLE_IDENTIFIER = "-095-21251525.pokeTests";
				PRODUCT_NAME = "$(TARGET_NAME)";
				SWIFT_EMIT_LOC_STRINGS = NO;
				SWIFT_VERSION = 5.0;
				TARGETED_DEVICE_FAMILY = "1,2";
				TEST_HOST = "$(BUILT_PRODUCTS_DIR)/poke.app/$(BUNDLE_EXECUTABLE_FOLDER_PATH)/poke";
			};
			name = Release;
		};
		4AB01A0E2D2F043400ED0B73 /* Debug */ = {
			isa = XCBuildConfiguration;
			buildSettings = {
				CODE_SIGN_STYLE = Automatic;
				CURRENT_PROJECT_VERSION = 1;
				DEVELOPMENT_TEAM = 7J46SV4F5Y;
				GENERATE_INFOPLIST_FILE = YES;
				MARKETING_VERSION = 1.0;
				PRODUCT_BUNDLE_IDENTIFIER = "-095-21251525.pokeUITests";
				PRODUCT_NAME = "$(TARGET_NAME)";
				SWIFT_EMIT_LOC_STRINGS = NO;
				SWIFT_VERSION = 5.0;
				TARGETED_DEVICE_FAMILY = "1,2";
				TEST_TARGET_NAME = poke;
			};
			name = Debug;
		};
		4AB01A0F2D2F043400ED0B73 /* Release */ = {
			isa = XCBuildConfiguration;
			buildSettings = {
				CODE_SIGN_STYLE = Automatic;
				CURRENT_PROJECT_VERSION = 1;
				DEVELOPMENT_TEAM = 7J46SV4F5Y;
				GENERATE_INFOPLIST_FILE = YES;
				MARKETING_VERSION = 1.0;
				PRODUCT_BUNDLE_IDENTIFIER = "-095-21251525.pokeUITests";
				PRODUCT_NAME = "$(TARGET_NAME)";
				SWIFT_EMIT_LOC_STRINGS = NO;
				SWIFT_VERSION = 5.0;
				TARGETED_DEVICE_FAMILY = "1,2";
				TEST_TARGET_NAME = poke;
			};
			name = Release;
		};
/* End XCBuildConfiguration section */

/* Begin XCConfigurationList section */
		4AB019D72D2F043100ED0B73 /* Build configuration list for PBXProject "poke" */ = {
			isa = XCConfigurationList;
			buildConfigurations = (
				4AB01A082D2F043400ED0B73 /* Debug */,
				4AB01A092D2F043400ED0B73 /* Release */,
			);
			defaultConfigurationIsVisible = 0;
			defaultConfigurationName = Release;
		};
		4AB01A052D2F043400ED0B73 /* Build configuration list for PBXNativeTarget "poke" */ = {
			isa = XCConfigurationList;
			buildConfigurations = (
				4AB01A062D2F043400ED0B73 /* Debug */,
				4AB01A072D2F043400ED0B73 /* Release */,
			);
			defaultConfigurationIsVisible = 0;
			defaultConfigurationName = Release;
		};
		4AB01A0A2D2F043400ED0B73 /* Build configuration list for PBXNativeTarget "pokeTests" */ = {
			isa = XCConfigurationList;
			buildConfigurations = (
				4AB01A0B2D2F043400ED0B73 /* Debug */,
				4AB01A0C2D2F043400ED0B73 /* Release */,
			);
			defaultConfigurationIsVisible = 0;
			defaultConfigurationName = Release;
		};
		4AB01A0D2D2F043400ED0B73 /* Build configuration list for PBXNativeTarget "pokeUITests" */ = {
			isa = XCConfigurationList;
			buildConfigurations = (
				4AB01A0E2D2F043400ED0B73 /* Debug */,
				4AB01A0F2D2F043400ED0B73 /* Release */,
			);
			defaultConfigurationIsVisible = 0;
			defaultConfigurationName = Release;
		};
/* End XCConfigurationList section */
	};
	rootObject = 4AB019D42D2F043100ED0B73 /* Project object */;
}
